
Microsoft Visual Studio Solution File, Format Version 12.00
# Visual Studio Version 16
VisualStudioVersion = 16.0.31424.327
MinimumVisualStudioVersion = 10.0.40219.1
Project("{FAE04EC0-301F-11D3-BF4B-00C04F79EFBC}") = "SquareFish", "SquareFish\SquareFish.csproj", "{EB6AFB27-D91E-4737-ACB4-5D082B5826D2}"
EndProject
Global
	GlobalSection(SolutionConfigurationPlatforms) = preSolution
		Debug|Any CPU = Debug|Any CPU
		Release|Any CPU = Release|Any CPU
	EndGlobalSection
	GlobalSection(ProjectConfigurationPlatforms) = postSolution
		{EB6AFB27-D91E-4737-ACB4-5D082B5826D2}.Debug|Any CPU.ActiveCfg = Debug|Any CPU
		{EB6AFB27-D91E-4737-ACB4-5D082B5826D2}.Debug|Any CPU.Build.0 = Debug|Any CPU
		{EB6AFB27-D91E-4737-ACB4-5D082B5826D2}.Release|Any CPU.ActiveCfg = Release|Any CPU
		{EB6AFB27-D91E-4737-ACB4-5D082B5826D2}.Release|Any CPU.Build.0 = Release|Any CPU
	EndGlobalSection
	GlobalSection(SolutionProperties) = preSolution
		HideSolutionNode = FALSE
	EndGlobalSection
	GlobalSection(ExtensibilityGlobals) = postSolution
		SolutionGuid = {D75FF306-5F3F-466A-B32A-81283249FAEF}
	EndGlobalSection
EndGlobal
